
Microsoft Visual Studio Solution File, Format Version 12.00
Project("{FAE04EC0-301F-11D3-BF4B-00C04F79EFBC}") = "WeaponV", "WeaponV.csproj", "{DB2AA180-0AEC-4C3A-A70D-214B607138D9}"
EndProject
Global
	GlobalSection(SolutionConfigurationPlatforms) = preSolution
		Debug|x64 = Debug|x64
		Release|x64 = Release|x64
	EndGlobalSection
	GlobalSection(ProjectConfigurationPlatforms) = postSolution
		{DB2AA180-0AEC-4C3A-A70D-214B607138D9}.Debug|x64.ActiveCfg = Debug|x64
		{DB2AA180-0AEC-4C3A-A70D-214B607138D9}.Debug|x64.Build.0 = Debug|x64
		{DB2AA180-0AEC-4C3A-A70D-214B607138D9}.Release|x64.ActiveCfg = Release|x64
		{DB2AA180-0AEC-4C3A-A70D-214B607138D9}.Release|x64.Build.0 = Release|x64
	EndGlobalSection
EndGlobal
